// !$*UTF8*$!
{
	archiveVersion = 1;
	classes = {
	};
	objectVersion = 46;
	objects = {

/* Begin PBXBuildFile section */
		904213C41CADB39900AC069E /* LocationCell.swift in Sources */ = {isa = PBXBuildFile; fileRef = 904213C31CADB39900AC069E /* LocationCell.swift */; };
		90795A631CAA375F0095C66E /* AppDelegate.swift in Sources */ = {isa = PBXBuildFile; fileRef = 90795A621CAA375F0095C66E /* AppDelegate.swift */; };
		90795A651CAA375F0095C66E /* WhereNowController.swift in Sources */ = {isa = PBXBuildFile; fileRef = 90795A641CAA375F0095C66E /* WhereNowController.swift */; };
		90795A671CAA375F0095C66E /* LocationHistoryController.swift in Sources */ = {isa = PBXBuildFile; fileRef = 90795A661CAA375F0095C66E /* LocationHistoryController.swift */; };
		90795A6A1CAA375F0095C66E /* Main.storyboard in Resources */ = {isa = PBXBuildFile; fileRef = 90795A681CAA375F0095C66E /* Main.storyboard */; };
		90795A6C1CAA375F0095C66E /* Assets.xcassets in Resources */ = {isa = PBXBuildFile; fileRef = 90795A6B1CAA375F0095C66E /* Assets.xcassets */; };
		90795A6F1CAA375F0095C66E /* LaunchScreen.storyboard in Resources */ = {isa = PBXBuildFile; fileRef = 90795A6D1CAA375F0095C66E /* LaunchScreen.storyboard */; };
		90985D1C1CAC319D00CC4EDD /* Location+CoreDataProperties.swift in Sources */ = {isa = PBXBuildFile; fileRef = 90985D1A1CAC319D00CC4EDD /* Location+CoreDataProperties.swift */; };
		90985D1D1CAC319D00CC4EDD /* Location.swift in Sources */ = {isa = PBXBuildFile; fileRef = 90985D1B1CAC319D00CC4EDD /* Location.swift */; };
		90AD31EF1CAC26CF008C7B4B /* Model.xcdatamodeld in Sources */ = {isa = PBXBuildFile; fileRef = 90AD31ED1CAC26CF008C7B4B /* Model.xcdatamodeld */; };
/* End PBXBuildFile section */

/* Begin PBXFileReference section */
		904213C31CADB39900AC069E /* LocationCell.swift */ = {isa = PBXFileReference; fileEncoding = 4; lastKnownFileType = sourcecode.swift; path = LocationCell.swift; sourceTree = "<group>"; };
		90795A5F1CAA375F0095C66E /* Alibi.app */ = {isa = PBXFileReference; explicitFileType = wrapper.application; includeInIndex = 0; path = Alibi.app; sourceTree = BUILT_PRODUCTS_DIR; };
		90795A621CAA375F0095C66E /* AppDelegate.swift */ = {isa = PBXFileReference; lastKnownFileType = sourcecode.swift; path = AppDelegate.swift; sourceTree = "<group>"; };
		90795A641CAA375F0095C66E /* WhereNowController.swift */ = {isa = PBXFileReference; lastKnownFileType = sourcecode.swift; path = WhereNowController.swift; sourceTree = "<group>"; };
		90795A661CAA375F0095C66E /* LocationHistoryController.swift */ = {isa = PBXFileReference; lastKnownFileType = sourcecode.swift; path = LocationHistoryController.swift; sourceTree = "<group>"; };
		90795A691CAA375F0095C66E /* Base */ = {isa = PBXFileReference; lastKnownFileType = file.storyboard; name = Base; path = Base.lproj/Main.storyboard; sourceTree = "<group>"; };
		90795A6B1CAA375F0095C66E /* Assets.xcassets */ = {isa = PBXFileReference; lastKnownFileType = folder.assetcatalog; path = Assets.xcassets; sourceTree = "<group>"; };
		90795A6E1CAA375F0095C66E /* Base */ = {isa = PBXFileReference; lastKnownFileType = file.storyboard; name = Base; path = Base.lproj/LaunchScreen.storyboard; sourceTree = "<group>"; };
		90795A701CAA375F0095C66E /* Info.plist */ = {isa = PBXFileReference; lastKnownFileType = text.plist.xml; path = Info.plist; sourceTree = "<group>"; };
		90985D1A1CAC319D00CC4EDD /* Location+CoreDataProperties.swift */ = {isa = PBXFileReference; fileEncoding = 4; lastKnownFileType = sourcecode.swift; path = "Location+CoreDataProperties.swift"; sourceTree = "<group>"; };
		90985D1B1CAC319D00CC4EDD /* Location.swift */ = {isa = PBXFileReference; fileEncoding = 4; lastKnownFileType = sourcecode.swift; path = Location.swift; sourceTree = "<group>"; };
		90AD31EE1CAC26CF008C7B4B /* Model.xcdatamodel */ = {isa = PBXFileReference; lastKnownFileType = wrapper.xcdatamodel; path = Model.xcdatamodel; sourceTree = "<group>"; };
/* End PBXFileReference section */

/* Begin PBXFrameworksBuildPhase section */
		90795A5C1CAA375F0095C66E /* Frameworks */ = {
			isa = PBXFrameworksBuildPhase;
			buildActionMask = 2147483647;
			files = (
			);
			runOnlyForDeploymentPostprocessing = 0;
		};
/* End PBXFrameworksBuildPhase section */

/* Begin PBXGroup section */
		90795A561CAA375F0095C66E = {
			isa = PBXGroup;
			children = (
				90795A611CAA375F0095C66E /* Alibi */,
				90795A601CAA375F0095C66E /* Products */,
			);
			sourceTree = "<group>";
		};
		90795A601CAA375F0095C66E /* Products */ = {
			isa = PBXGroup;
			children = (
				90795A5F1CAA375F0095C66E /* Alibi.app */,
			);
			name = Products;
			sourceTree = "<group>";
		};
		90795A611CAA375F0095C66E /* Alibi */ = {
			isa = PBXGroup;
			children = (
				90985D1A1CAC319D00CC4EDD /* Location+CoreDataProperties.swift */,
				90985D1B1CAC319D00CC4EDD /* Location.swift */,
				90795A621CAA375F0095C66E /* AppDelegate.swift */,
				90795A641CAA375F0095C66E /* WhereNowController.swift */,
				90795A661CAA375F0095C66E /* LocationHistoryController.swift */,
				904213C31CADB39900AC069E /* LocationCell.swift */,
				90795A681CAA375F0095C66E /* Main.storyboard */,
				90795A6B1CAA375F0095C66E /* Assets.xcassets */,
				90795A6D1CAA375F0095C66E /* LaunchScreen.storyboard */,
				90795A701CAA375F0095C66E /* Info.plist */,
				90AD31ED1CAC26CF008C7B4B /* Model.xcdatamodeld */,
			);
			path = Alibi;
			sourceTree = "<group>";
		};
/* End PBXGroup section */

/* Begin PBXNativeTarget section */
		90795A5E1CAA375F0095C66E /* Alibi */ = {
			isa = PBXNativeTarget;
			buildConfigurationList = 90795A731CAA375F0095C66E /* Build configuration list for PBXNativeTarget "Alibi" */;
			buildPhases = (
				90795A5B1CAA375F0095C66E /* Sources */,
				90795A5C1CAA375F0095C66E /* Frameworks */,
				90795A5D1CAA375F0095C66E /* Resources */,
			);
			buildRules = (
			);
			dependencies = (
			);
			name = Alibi;
			productName = Alibi;
			productReference = 90795A5F1CAA375F0095C66E /* Alibi.app */;
			productType = "com.apple.product-type.application";
		};
/* End PBXNativeTarget section */

/* Begin PBXProject section */
		90795A571CAA375F0095C66E /* Project object */ = {
			isa = PBXProject;
			attributes = {
				LastSwiftUpdateCheck = 0730;
				LastUpgradeCheck = 0730;
				ORGANIZATIONNAME = "Yaxin Yuan";
				TargetAttributes = {
					90795A5E1CAA375F0095C66E = {
						CreatedOnToolsVersion = 7.3;
						DevelopmentTeam = T9DJN8R6E9;
					};
				};
			};
			buildConfigurationList = 90795A5A1CAA375F0095C66E /* Build configuration list for PBXProject "Alibi" */;
			compatibilityVersion = "Xcode 3.2";
			developmentRegion = English;
			hasScannedForEncodings = 0;
			knownRegions = (
				en,
				Base,
			);
			mainGroup = 90795A561CAA375F0095C66E;
			productRefGroup = 90795A601CAA375F0095C66E /* Products */;
			projectDirPath = "";
			projectRoot = "";
			targets = (
				90795A5E1CAA375F0095C66E /* Alibi */,
			);
		};
/* End PBXProject section */

/* Begin PBXResourcesBuildPhase section */
		90795A5D1CAA375F0095C66E /* Resources */ = {
			isa = PBXResourcesBuildPhase;
			buildActionMask = 2147483647;
			files = (
				90795A6F1CAA375F0095C66E /* LaunchScreen.storyboard in Resources */,
				90795A6C1CAA375F0095C66E /* Assets.xcassets in Resources */,
				90795A6A1CAA375F0095C66E /* Main.storyboard in Resources */,
			);
			runOnlyForDeploymentPostprocessing = 0;
		};
/* End PBXResourcesBuildPhase section */

/* Begin PBXSourcesBuildPhase section */
		90795A5B1CAA375F0095C66E /* Sources */ = {
			isa = PBXSourcesBuildPhase;
			buildActionMask = 2147483647;
			files = (
				90795A671CAA375F0095C66E /* LocationHistoryController.swift in Sources */,
				90795A631CAA375F0095C66E /* AppDelegate.swift in Sources */,
				90795A651CAA375F0095C66E /* WhereNowController.swift in Sources */,
				90AD31EF1CAC26CF008C7B4B /* Model.xcdatamodeld in Sources */,
				904213C41CADB39900AC069E /* LocationCell.swift in Sources */,
				90985D1D1CAC319D00CC4EDD /* Location.swift in Sources */,
				90985D1C1CAC319D00CC4EDD /* Location+CoreDataProperties.swift in Sources */,
			);
			runOnlyForDeploymentPostprocessing = 0;
		};
/* End PBXSourcesBuildPhase section */

/* Begin PBXVariantGroup section */
		90795A681CAA375F0095C66E /* Main.storyboard */ = {
			isa = PBXVariantGroup;
			children = (
				90795A691CAA375F0095C66E /* Base */,
			);
			name = Main.storyboard;
			sourceTree = "<group>";
		};
		90795A6D1CAA375F0095C66E /* LaunchScreen.storyboard */ = {
			isa = PBXVariantGroup;
			children = (
				90795A6E1CAA375F0095C66E /* Base */,
			);
			name = LaunchScreen.storyboard;
			sourceTree = "<group>";
		};
/* End PBXVariantGroup section */

/* Begin XCBuildConfiguration section */
		90795A711CAA375F0095C66E /* Debug */ = {
			isa = XCBuildConfiguration;
			buildSettings = {
				ALWAYS_SEARCH_USER_PATHS = NO;
				CLANG_ANALYZER_NONNULL = YES;
				CLANG_CXX_LANGUAGE_STANDARD = "gnu++0x";
				CLANG_CXX_LIBRARY = "libc++";
				CLANG_ENABLE_MODULES = YES;
				CLANG_ENABLE_OBJC_ARC = YES;
				CLANG_WARN_BOOL_CONVERSION = YES;
				CLANG_WARN_CONSTANT_CONVERSION = YES;
				CLANG_WARN_DIRECT_OBJC_ISA_USAGE = YES_ERROR;
				CLANG_WARN_EMPTY_BODY = YES;
				CLANG_WARN_ENUM_CONVERSION = YES;
				CLANG_WARN_INT_CONVERSION = YES;
				CLANG_WARN_OBJC_ROOT_CLASS = YES_ERROR;
				CLANG_WARN_UNREACHABLE_CODE = YES;
				CLANG_WARN__DUPLICATE_METHOD_MATCH = YES;
				"CODE_SIGN_IDENTITY[sdk=iphoneos*]" = "iPhone Developer";
				COPY_PHASE_STRIP = NO;
				DEBUG_INFORMATION_FORMAT = dwarf;
				ENABLE_STRICT_OBJC_MSGSEND = YES;
				ENABLE_TESTABILITY = YES;
				GCC_C_LANGUAGE_STANDARD = gnu99;
				GCC_DYNAMIC_NO_PIC = NO;
				GCC_NO_COMMON_BLOCKS = YES;
				GCC_OPTIMIZATION_LEVEL = 0;
				GCC_PREPROCESSOR_DEFINITIONS = (
					"DEBUG=1",
					"$(inherited)",
				);
				GCC_WARN_64_TO_32_BIT_CONVERSION = YES;
				GCC_WARN_ABOUT_RETURN_TYPE = YES_ERROR;
				GCC_WARN_UNDECLARED_SELECTOR = YES;
				GCC_WARN_UNINITIALIZED_AUTOS = YES_AGGRESSIVE;
				GCC_WARN_UNUSED_FUNCTION = YES;
				GCC_WARN_UNUSED_VARIABLE = YES;
				IPHONEOS_DEPLOYMENT_TARGET = 9.3;
				MTL_ENABLE_DEBUG_INFO = YES;
				ONLY_ACTIVE_ARCH = YES;
				SDKROOT = iphoneos;
				SWIFT_OPTIMIZATION_LEVEL = "-Onone";
			};
			name = Debug;
		};
		90795A721CAA375F0095C66E /* Release */ = {
			isa = XCBuildConfiguration;
			buildSettings = {
				ALWAYS_SEARCH_USER_PATHS = NO;
				CLANG_ANALYZER_NONNULL = YES;
				CLANG_CXX_LANGUAGE_STANDARD = "gnu++0x";
				CLANG_CXX_LIBRARY = "libc++";
				CLANG_ENABLE_MODULES = YES;
				CLANG_ENABLE_OBJC_ARC = YES;
				CLANG_WARN_BOOL_CONVERSION = YES;
				CLANG_WARN_CONSTANT_CONVERSION = YES;
				CLANG_WARN_DIRECT_OBJC_ISA_USAGE = YES_ERROR;
				CLANG_WARN_EMPTY_BODY = YES;
				CLANG_WARN_ENUM_CONVERSION = YES;
				CLANG_WARN_INT_CONVERSION = YES;
				CLANG_WARN_OBJC_ROOT_CLASS = YES_ERROR;
				CLANG_WARN_UNREACHABLE_CODE = YES;
				CLANG_WARN__DUPLICATE_METHOD_MATCH = YES;
				"CODE_SIGN_IDENTITY[sdk=iphoneos*]" = "iPhone Developer";
				COPY_PHASE_STRIP = NO;
				DEBUG_INFORMATION_FORMAT = "dwarf-with-dsym";
				ENABLE_NS_ASSERTIONS = NO;
				ENABLE_STRICT_OBJC_MSGSEND = YES;
				GCC_C_LANGUAGE_STANDARD = gnu99;
				GCC_NO_COMMON_BLOCKS = YES;
				GCC_WARN_64_TO_32_BIT_CONVERSION = YES;
				GCC_WARN_ABOUT_RETURN_TYPE = YES_ERROR;
				GCC_WARN_UNDECLARED_SELECTOR = YES;
				GCC_WARN_UNINITIALIZED_AUTOS = YES_AGGRESSIVE;
				GCC_WARN_UNUSED_FUNCTION = YES;
				GCC_WARN_UNUSED_VARIABLE = YES;
				IPHONEOS_DEPLOYMENT_TARGET = 9.3;
				MTL_ENABLE_DEBUG_INFO = NO;
				SDKROOT = iphoneos;
				VALIDATE_PRODUCT = YES;
			};
			name = Release;
		};
		90795A741CAA375F0095C66E /* Debug */ = {
			isa = XCBuildConfiguration;
			buildSettings = {
				ASSETCATALOG_COMPILER_APPICON_NAME = AppIcon;
				INFOPLIST_FILE = Alibi/Info.plist;
				LD_RUNPATH_SEARCH_PATHS = "$(inherited) @executable_path/Frameworks";
				PRODUCT_BUNDLE_IDENTIFIER = JYuan.Alibi;
				PRODUCT_NAME = "$(TARGET_NAME)";
			};
			name = Debug;
		};
		90795A751CAA375F0095C66E /* Release */ = {
			isa = XCBuildConfiguration;
			buildSettings = {
				ASSETCATALOG_COMPILER_APPICON_NAME = AppIcon;
				INFOPLIST_FILE = Alibi/Info.plist;
				LD_RUNPATH_SEARCH_PATHS = "$(inherited) @executable_path/Frameworks";
				PRODUCT_BUNDLE_IDENTIFIER = JYuan.Alibi;
				PRODUCT_NAME = "$(TARGET_NAME)";
			};
			name = Release;
		};
/* End XCBuildConfiguration section */

/* Begin XCConfigurationList section */
		90795A5A1CAA375F0095C66E /* Build configuration list for PBXProject "Alibi" */ = {
			isa = XCConfigurationList;
			buildConfigurations = (
				90795A711CAA375F0095C66E /* Debug */,
				90795A721CAA375F0095C66E /* Release */,
			);
			defaultConfigurationIsVisible = 0;
			defaultConfigurationName = Release;
		};
		90795A731CAA375F0095C66E /* Build configuration list for PBXNativeTarget "Alibi" */ = {
			isa = XCConfigurationList;
			buildConfigurations = (
				90795A741CAA375F0095C66E /* Debug */,
				90795A751CAA375F0095C66E /* Release */,
			);
			defaultConfigurationIsVisible = 0;
			defaultConfigurationName = Release;
		};
/* End XCConfigurationList section */

/* Begin XCVersionGroup section */
		90AD31ED1CAC26CF008C7B4B /* Model.xcdatamodeld */ = {
			isa = XCVersionGroup;
			children = (
				90AD31EE1CAC26CF008C7B4B /* Model.xcdatamodel */,
			);
			currentVersion = 90AD31EE1CAC26CF008C7B4B /* Model.xcdatamodel */;
			path = Model.xcdatamodeld;
			sourceTree = "<group>";
			versionGroupType = wrapper.xcdatamodel;
		};
/* End XCVersionGroup section */
	};
	rootObject = 90795A571CAA375F0095C66E /* Project object */;
}
